
Microsoft Visual Studio Solution File, Format Version 12.00
# Visual Studio 15
VisualStudioVersion = 15.0.27428.2015
MinimumVisualStudioVersion = 10.0.40219.1
Project("{FAE04EC0-301F-11D3-BF4B-00C04F79EFBC}") = "ContosoCodeFirst", "ContosoCodeFirst\ContosoCodeFirst.csproj", "{6F7E0579-006C-4ACB-BBED-2B4C28E5FF4C}"
EndProject
Global
	GlobalSection(SolutionConfigurationPlatforms) = preSolution
		Debug|Any CPU = Debug|Any CPU
		Release|Any CPU = Release|Any CPU
	EndGlobalSection
	GlobalSection(ProjectConfigurationPlatforms) = postSolution
		{6F7E0579-006C-4ACB-BBED-2B4C28E5FF4C}.Debug|Any CPU.ActiveCfg = Debug|Any CPU
		{6F7E0579-006C-4ACB-BBED-2B4C28E5FF4C}.Debug|Any CPU.Build.0 = Debug|Any CPU
		{6F7E0579-006C-4ACB-BBED-2B4C28E5FF4C}.Release|Any CPU.ActiveCfg = Release|Any CPU
		{6F7E0579-006C-4ACB-BBED-2B4C28E5FF4C}.Release|Any CPU.Build.0 = Release|Any CPU
	EndGlobalSection
	GlobalSection(SolutionProperties) = preSolution
		HideSolutionNode = FALSE
	EndGlobalSection
	GlobalSection(ExtensibilityGlobals) = postSolution
		SolutionGuid = {58D1D26C-1A52-476A-9383-03FFFC9BC841}
	EndGlobalSection
EndGlobal
